// !$*UTF8*$!
{
	archiveVersion = 1;
	classes = {
	};
	objectVersion = 55;
	objects = {

/* Begin PBXBuildFile section */
		8812A0FF27A7B9A20063CA27 /* Localizable.strings in Resources */ = {isa = PBXBuildFile; fileRef = 8812A10127A7B9A20063CA27 /* Localizable.strings */; };
		88D16AA827A71C690055144D /* Value.swift in Sources */ = {isa = PBXBuildFile; fileRef = 88D16AA727A71C690055144D /* Value.swift */; };
		88D16AAB27A71F7D0055144D /* SimpleWeatherTableViewCell.swift in Sources */ = {isa = PBXBuildFile; fileRef = 88D16AA927A71F7D0055144D /* SimpleWeatherTableViewCell.swift */; };
		88D16AAC27A71F7D0055144D /* SimpleWeatherTableViewCell.xib in Resources */ = {isa = PBXBuildFile; fileRef = 88D16AAA27A71F7D0055144D /* SimpleWeatherTableViewCell.xib */; };
		88D16AAE27A724D00055144D /* SimpleWeatherViewModel.swift in Sources */ = {isa = PBXBuildFile; fileRef = 88D16AAD27A724D00055144D /* SimpleWeatherViewModel.swift */; };
		88D16AB027A72F7F0055144D /* CacheData.swift in Sources */ = {isa = PBXBuildFile; fileRef = 88D16AAF27A72F7F0055144D /* CacheData.swift */; };
		88D16AB227A745130055144D /* DetailWeatherViewController.swift in Sources */ = {isa = PBXBuildFile; fileRef = 88D16AB127A745130055144D /* DetailWeatherViewController.swift */; };
		88D16AB427A751960055144D /* LineGraph.swift in Sources */ = {isa = PBXBuildFile; fileRef = 88D16AB327A751960055144D /* LineGraph.swift */; };
		88D16AB627A751EB0055144D /* LineChartViewController.swift in Sources */ = {isa = PBXBuildFile; fileRef = 88D16AB527A751EB0055144D /* LineChartViewController.swift */; };
		88EDFB6227A6F72C00111094 /* AppDelegate.swift in Sources */ = {isa = PBXBuildFile; fileRef = 88EDFB6127A6F72C00111094 /* AppDelegate.swift */; };
		88EDFB6427A6F72C00111094 /* SceneDelegate.swift in Sources */ = {isa = PBXBuildFile; fileRef = 88EDFB6327A6F72C00111094 /* SceneDelegate.swift */; };
		88EDFB6627A6F72C00111094 /* SimpleWeatherViewController.swift in Sources */ = {isa = PBXBuildFile; fileRef = 88EDFB6527A6F72C00111094 /* SimpleWeatherViewController.swift */; };
		88EDFB6927A6F72C00111094 /* Main.storyboard in Resources */ = {isa = PBXBuildFile; fileRef = 88EDFB6727A6F72C00111094 /* Main.storyboard */; };
		88EDFB6B27A6F72D00111094 /* Assets.xcassets in Resources */ = {isa = PBXBuildFile; fileRef = 88EDFB6A27A6F72D00111094 /* Assets.xcassets */; };
		88EDFB6E27A6F72D00111094 /* LaunchScreen.storyboard in Resources */ = {isa = PBXBuildFile; fileRef = 88EDFB6C27A6F72D00111094 /* LaunchScreen.storyboard */; };
		88EDFB7F27A6F7D800111094 /* City.swift in Sources */ = {isa = PBXBuildFile; fileRef = 88EDFB7627A6F7D800111094 /* City.swift */; };
		88EDFB8027A6F7D800111094 /* Weather.swift in Sources */ = {isa = PBXBuildFile; fileRef = 88EDFB7727A6F7D800111094 /* Weather.swift */; };
		88EDFB8127A6F7D800111094 /* WeatherAPI.swift in Sources */ = {isa = PBXBuildFile; fileRef = 88EDFB7927A6F7D800111094 /* WeatherAPI.swift */; };
		88EDFB8227A6F7D800111094 /* city.list.min.json in Resources */ = {isa = PBXBuildFile; fileRef = 88EDFB7C27A6F7D800111094 /* city.list.min.json */; };
/* End PBXBuildFile section */

/* Begin PBXFileReference section */
		8812A10027A7B9A20063CA27 /* en */ = {isa = PBXFileReference; lastKnownFileType = text.plist.strings; name = en; path = en.lproj/Localizable.strings; sourceTree = "<group>"; };
		8812A10227A7B9D10063CA27 /* ko */ = {isa = PBXFileReference; lastKnownFileType = text.plist.strings; name = ko; path = ko.lproj/Main.strings; sourceTree = "<group>"; };
		8812A10327A7B9D10063CA27 /* ko */ = {isa = PBXFileReference; lastKnownFileType = text.plist.strings; name = ko; path = ko.lproj/LaunchScreen.strings; sourceTree = "<group>"; };
		8812A10427A7B9D10063CA27 /* ko */ = {isa = PBXFileReference; lastKnownFileType = text.plist.strings; name = ko; path = ko.lproj/Localizable.strings; sourceTree = "<group>"; };
		88D16AA727A71C690055144D /* Value.swift */ = {isa = PBXFileReference; lastKnownFileType = sourcecode.swift; path = Value.swift; sourceTree = "<group>"; };
		88D16AA927A71F7D0055144D /* SimpleWeatherTableViewCell.swift */ = {isa = PBXFileReference; lastKnownFileType = sourcecode.swift; path = SimpleWeatherTableViewCell.swift; sourceTree = "<group>"; };
		88D16AAA27A71F7D0055144D /* SimpleWeatherTableViewCell.xib */ = {isa = PBXFileReference; lastKnownFileType = file.xib; path = SimpleWeatherTableViewCell.xib; sourceTree = "<group>"; };
		88D16AAD27A724D00055144D /* SimpleWeatherViewModel.swift */ = {isa = PBXFileReference; lastKnownFileType = sourcecode.swift; path = SimpleWeatherViewModel.swift; sourceTree = "<group>"; };
		88D16AAF27A72F7F0055144D /* CacheData.swift */ = {isa = PBXFileReference; lastKnownFileType = sourcecode.swift; path = CacheData.swift; sourceTree = "<group>"; };
		88D16AB127A745130055144D /* DetailWeatherViewController.swift */ = {isa = PBXFileReference; lastKnownFileType = sourcecode.swift; path = DetailWeatherViewController.swift; sourceTree = "<group>"; };
		88D16AB327A751960055144D /* LineGraph.swift */ = {isa = PBXFileReference; lastKnownFileType = sourcecode.swift; path = LineGraph.swift; sourceTree = "<group>"; };
		88D16AB527A751EB0055144D /* LineChartViewController.swift */ = {isa = PBXFileReference; lastKnownFileType = sourcecode.swift; path = LineChartViewController.swift; sourceTree = "<group>"; };
		88EDFB5E27A6F72C00111094 /* Yagom_Weather.app */ = {isa = PBXFileReference; explicitFileType = wrapper.application; includeInIndex = 0; path = Yagom_Weather.app; sourceTree = BUILT_PRODUCTS_DIR; };
		88EDFB6127A6F72C00111094 /* AppDelegate.swift */ = {isa = PBXFileReference; lastKnownFileType = sourcecode.swift; path = AppDelegate.swift; sourceTree = "<group>"; };
		88EDFB6327A6F72C00111094 /* SceneDelegate.swift */ = {isa = PBXFileReference; lastKnownFileType = sourcecode.swift; path = SceneDelegate.swift; sourceTree = "<group>"; };
		88EDFB6527A6F72C00111094 /* SimpleWeatherViewController.swift */ = {isa = PBXFileReference; lastKnownFileType = sourcecode.swift; path = SimpleWeatherViewController.swift; sourceTree = "<group>"; };
		88EDFB6827A6F72C00111094 /* Base */ = {isa = PBXFileReference; lastKnownFileType = file.storyboard; name = Base; path = Base.lproj/Main.storyboard; sourceTree = "<group>"; };
		88EDFB6A27A6F72D00111094 /* Assets.xcassets */ = {isa = PBXFileReference; lastKnownFileType = folder.assetcatalog; path = Assets.xcassets; sourceTree = "<group>"; };
		88EDFB6D27A6F72D00111094 /* Base */ = {isa = PBXFileReference; lastKnownFileType = file.storyboard; name = Base; path = Base.lproj/LaunchScreen.storyboard; sourceTree = "<group>"; };
		88EDFB6F27A6F72D00111094 /* Info.plist */ = {isa = PBXFileReference; lastKnownFileType = text.plist.xml; path = Info.plist; sourceTree = "<group>"; };
		88EDFB7627A6F7D800111094 /* City.swift */ = {isa = PBXFileReference; fileEncoding = 4; lastKnownFileType = sourcecode.swift; path = City.swift; sourceTree = "<group>"; };
		88EDFB7727A6F7D800111094 /* Weather.swift */ = {isa = PBXFileReference; fileEncoding = 4; lastKnownFileType = sourcecode.swift; path = Weather.swift; sourceTree = "<group>"; };
		88EDFB7927A6F7D800111094 /* WeatherAPI.swift */ = {isa = PBXFileReference; fileEncoding = 4; lastKnownFileType = sourcecode.swift; path = WeatherAPI.swift; sourceTree = "<group>"; };
		88EDFB7C27A6F7D800111094 /* city.list.min.json */ = {isa = PBXFileReference; fileEncoding = 4; lastKnownFileType = text.json; path = city.list.min.json; sourceTree = "<group>"; };
/* End PBXFileReference section */

/* Begin PBXFrameworksBuildPhase section */
		88EDFB5B27A6F72C00111094 /* Frameworks */ = {
			isa = PBXFrameworksBuildPhase;
			buildActionMask = 2147483647;
			files = (
			);
			runOnlyForDeploymentPostprocessing = 0;
		};
/* End PBXFrameworksBuildPhase section */

/* Begin PBXGroup section */
		88D16AA627A71C5D0055144D /* Util */ = {
			isa = PBXGroup;
			children = (
				88D16AA727A71C690055144D /* Value.swift */,
				88D16AAF27A72F7F0055144D /* CacheData.swift */,
				8812A10127A7B9A20063CA27 /* Localizable.strings */,
			);
			path = Util;
			sourceTree = "<group>";
		};
		88EDFB5527A6F72C00111094 = {
			isa = PBXGroup;
			children = (
				88EDFB6027A6F72C00111094 /* Yagom_Weather */,
				88EDFB5F27A6F72C00111094 /* Products */,
			);
			sourceTree = "<group>";
		};
		88EDFB5F27A6F72C00111094 /* Products */ = {
			isa = PBXGroup;
			children = (
				88EDFB5E27A6F72C00111094 /* Yagom_Weather.app */,
			);
			name = Products;
			sourceTree = "<group>";
		};
		88EDFB6027A6F72C00111094 /* Yagom_Weather */ = {
			isa = PBXGroup;
			children = (
				88D16AA627A71C5D0055144D /* Util */,
				88EDFB7527A6F7D800111094 /* Model */,
				88EDFB7827A6F7D800111094 /* Repository */,
				88EDFB7B27A6F7D800111094 /* Resources */,
				88EDFB7A27A6F7D800111094 /* View */,
				88EDFB7D27A6F7D800111094 /* ViewModel */,
				88EDFB6127A6F72C00111094 /* AppDelegate.swift */,
				88EDFB6327A6F72C00111094 /* SceneDelegate.swift */,
				88EDFB6727A6F72C00111094 /* Main.storyboard */,
				88EDFB6A27A6F72D00111094 /* Assets.xcassets */,
				88EDFB6C27A6F72D00111094 /* LaunchScreen.storyboard */,
				88EDFB6F27A6F72D00111094 /* Info.plist */,
			);
			path = Yagom_Weather;
			sourceTree = "<group>";
		};
		88EDFB7527A6F7D800111094 /* Model */ = {
			isa = PBXGroup;
			children = (
				88EDFB7627A6F7D800111094 /* City.swift */,
				88EDFB7727A6F7D800111094 /* Weather.swift */,
			);
			path = Model;
			sourceTree = "<group>";
		};
		88EDFB7827A6F7D800111094 /* Repository */ = {
			isa = PBXGroup;
			children = (
				88EDFB7927A6F7D800111094 /* WeatherAPI.swift */,
			);
			path = Repository;
			sourceTree = "<group>";
		};
		88EDFB7A27A6F7D800111094 /* View */ = {
			isa = PBXGroup;
			children = (
				88EDFB6527A6F72C00111094 /* SimpleWeatherViewController.swift */,
				88D16AA927A71F7D0055144D /* SimpleWeatherTableViewCell.swift */,
				88D16AAA27A71F7D0055144D /* SimpleWeatherTableViewCell.xib */,
				88D16AB127A745130055144D /* DetailWeatherViewController.swift */,
				88D16AB327A751960055144D /* LineGraph.swift */,
				88D16AB527A751EB0055144D /* LineChartViewController.swift */,
			);
			path = View;
			sourceTree = "<group>";
		};
		88EDFB7B27A6F7D800111094 /* Resources */ = {
			isa = PBXGroup;
			children = (
				88EDFB7C27A6F7D800111094 /* city.list.min.json */,
			);
			path = Resources;
			sourceTree = "<group>";
		};
		88EDFB7D27A6F7D800111094 /* ViewModel */ = {
			isa = PBXGroup;
			children = (
				88D16AAD27A724D00055144D /* SimpleWeatherViewModel.swift */,
			);
			path = ViewModel;
			sourceTree = "<group>";
		};
/* End PBXGroup section */

/* Begin PBXNativeTarget section */
		88EDFB5D27A6F72C00111094 /* Yagom_Weather */ = {
			isa = PBXNativeTarget;
			buildConfigurationList = 88EDFB7227A6F72D00111094 /* Build configuration list for PBXNativeTarget "Yagom_Weather" */;
			buildPhases = (
				88EDFB5A27A6F72C00111094 /* Sources */,
				88EDFB5B27A6F72C00111094 /* Frameworks */,
				88EDFB5C27A6F72C00111094 /* Resources */,
			);
			buildRules = (
			);
			dependencies = (
			);
			name = Yagom_Weather;
			productName = Yagom_Weather;
			productReference = 88EDFB5E27A6F72C00111094 /* Yagom_Weather.app */;
			productType = "com.apple.product-type.application";
		};
/* End PBXNativeTarget section */

/* Begin PBXProject section */
		88EDFB5627A6F72C00111094 /* Project object */ = {
			isa = PBXProject;
			attributes = {
				BuildIndependentTargetsInParallel = 1;
				LastSwiftUpdateCheck = 1320;
				LastUpgradeCheck = 1320;
				TargetAttributes = {
					88EDFB5D27A6F72C00111094 = {
						CreatedOnToolsVersion = 13.2.1;
					};
				};
			};
			buildConfigurationList = 88EDFB5927A6F72C00111094 /* Build configuration list for PBXProject "Yagom_Weather" */;
			compatibilityVersion = "Xcode 13.0";
			developmentRegion = en;
			hasScannedForEncodings = 0;
			knownRegions = (
				en,
				Base,
				ko,
			);
			mainGroup = 88EDFB5527A6F72C00111094;
			productRefGroup = 88EDFB5F27A6F72C00111094 /* Products */;
			projectDirPath = "";
			projectRoot = "";
			targets = (
				88EDFB5D27A6F72C00111094 /* Yagom_Weather */,
			);
		};
/* End PBXProject section */

/* Begin PBXResourcesBuildPhase section */
		88EDFB5C27A6F72C00111094 /* Resources */ = {
			isa = PBXResourcesBuildPhase;
			buildActionMask = 2147483647;
			files = (
				88EDFB6E27A6F72D00111094 /* LaunchScreen.storyboard in Resources */,
				8812A0FF27A7B9A20063CA27 /* Localizable.strings in Resources */,
				88D16AAC27A71F7D0055144D /* SimpleWeatherTableViewCell.xib in Resources */,
				88EDFB6B27A6F72D00111094 /* Assets.xcassets in Resources */,
				88EDFB6927A6F72C00111094 /* Main.storyboard in Resources */,
				88EDFB8227A6F7D800111094 /* city.list.min.json in Resources */,
			);
			runOnlyForDeploymentPostprocessing = 0;
		};
/* End PBXResourcesBuildPhase section */

/* Begin PBXSourcesBuildPhase section */
		88EDFB5A27A6F72C00111094 /* Sources */ = {
			isa = PBXSourcesBuildPhase;
			buildActionMask = 2147483647;
			files = (
				88EDFB6627A6F72C00111094 /* SimpleWeatherViewController.swift in Sources */,
				88D16AAE27A724D00055144D /* SimpleWeatherViewModel.swift in Sources */,
				88EDFB6227A6F72C00111094 /* AppDelegate.swift in Sources */,
				88EDFB7F27A6F7D800111094 /* City.swift in Sources */,
				88D16AB627A751EB0055144D /* LineChartViewController.swift in Sources */,
				88D16AB427A751960055144D /* LineGraph.swift in Sources */,
				88D16AA827A71C690055144D /* Value.swift in Sources */,
				88D16AB227A745130055144D /* DetailWeatherViewController.swift in Sources */,
				88EDFB8127A6F7D800111094 /* WeatherAPI.swift in Sources */,
				88EDFB6427A6F72C00111094 /* SceneDelegate.swift in Sources */,
				88D16AAB27A71F7D0055144D /* SimpleWeatherTableViewCell.swift in Sources */,
				88D16AB027A72F7F0055144D /* CacheData.swift in Sources */,
				88EDFB8027A6F7D800111094 /* Weather.swift in Sources */,
			);
			runOnlyForDeploymentPostprocessing = 0;
		};
/* End PBXSourcesBuildPhase section */

/* Begin PBXVariantGroup section */
		8812A10127A7B9A20063CA27 /* Localizable.strings */ = {
			isa = PBXVariantGroup;
			children = (
				8812A10027A7B9A20063CA27 /* en */,
				8812A10427A7B9D10063CA27 /* ko */,
			);
			name = Localizable.strings;
			sourceTree = "<group>";
		};
		88EDFB6727A6F72C00111094 /* Main.storyboard */ = {
			isa = PBXVariantGroup;
			children = (
				88EDFB6827A6F72C00111094 /* Base */,
				8812A10227A7B9D10063CA27 /* ko */,
			);
			name = Main.storyboard;
			sourceTree = "<group>";
		};
		88EDFB6C27A6F72D00111094 /* LaunchScreen.storyboard */ = {
			isa = PBXVariantGroup;
			children = (
				88EDFB6D27A6F72D00111094 /* Base */,
				8812A10327A7B9D10063CA27 /* ko */,
			);
			name = LaunchScreen.storyboard;
			sourceTree = "<group>";
		};
/* End PBXVariantGroup section */

/* Begin XCBuildConfiguration section */
		88EDFB7027A6F72D00111094 /* Debug */ = {
			isa = XCBuildConfiguration;
			buildSettings = {
				ALWAYS_SEARCH_USER_PATHS = NO;
				CLANG_ANALYZER_LOCALIZABILITY_NONLOCALIZED = YES;
				CLANG_ANALYZER_NONNULL = YES;
				CLANG_ANALYZER_NUMBER_OBJECT_CONVERSION = YES_AGGRESSIVE;
				CLANG_CXX_LANGUAGE_STANDARD = "gnu++17";
				CLANG_CXX_LIBRARY = "libc++";
				CLANG_ENABLE_MODULES = YES;
				CLANG_ENABLE_OBJC_ARC = YES;
				CLANG_ENABLE_OBJC_WEAK = YES;
				CLANG_WARN_BLOCK_CAPTURE_AUTORELEASING = YES;
				CLANG_WARN_BOOL_CONVERSION = YES;
				CLANG_WARN_COMMA = YES;
				CLANG_WARN_CONSTANT_CONVERSION = YES;
				CLANG_WARN_DEPRECATED_OBJC_IMPLEMENTATIONS = YES;
				CLANG_WARN_DIRECT_OBJC_ISA_USAGE = YES_ERROR;
				CLANG_WARN_DOCUMENTATION_COMMENTS = YES;
				CLANG_WARN_EMPTY_BODY = YES;
				CLANG_WARN_ENUM_CONVERSION = YES;
				CLANG_WARN_INFINITE_RECURSION = YES;
				CLANG_WARN_INT_CONVERSION = YES;
				CLANG_WARN_NON_LITERAL_NULL_CONVERSION = YES;
				CLANG_WARN_OBJC_IMPLICIT_RETAIN_SELF = YES;
				CLANG_WARN_OBJC_LITERAL_CONVERSION = YES;
				CLANG_WARN_OBJC_ROOT_CLASS = YES_ERROR;
				CLANG_WARN_QUOTED_INCLUDE_IN_FRAMEWORK_HEADER = YES;
				CLANG_WARN_RANGE_LOOP_ANALYSIS = YES;
				CLANG_WARN_STRICT_PROTOTYPES = YES;
				CLANG_WARN_SUSPICIOUS_MOVE = YES;
				CLANG_WARN_UNGUARDED_AVAILABILITY = YES_AGGRESSIVE;
				CLANG_WARN_UNREACHABLE_CODE = YES;
				CLANG_WARN__DUPLICATE_METHOD_MATCH = YES;
				COPY_PHASE_STRIP = NO;
				DEBUG_INFORMATION_FORMAT = dwarf;
				ENABLE_STRICT_OBJC_MSGSEND = YES;
				ENABLE_TESTABILITY = YES;
				GCC_C_LANGUAGE_STANDARD = gnu11;
				GCC_DYNAMIC_NO_PIC = NO;
				GCC_NO_COMMON_BLOCKS = YES;
				GCC_OPTIMIZATION_LEVEL = 0;
				GCC_PREPROCESSOR_DEFINITIONS = (
					"DEBUG=1",
					"$(inherited)",
				);
				GCC_WARN_64_TO_32_BIT_CONVERSION = YES;
				GCC_WARN_ABOUT_RETURN_TYPE = YES_ERROR;
				GCC_WARN_UNDECLARED_SELECTOR = YES;
				GCC_WARN_UNINITIALIZED_AUTOS = YES_AGGRESSIVE;
				GCC_WARN_UNUSED_FUNCTION = YES;
				GCC_WARN_UNUSED_VARIABLE = YES;
				IPHONEOS_DEPLOYMENT_TARGET = 15.2;
				MTL_ENABLE_DEBUG_INFO = INCLUDE_SOURCE;
				MTL_FAST_MATH = YES;
				ONLY_ACTIVE_ARCH = YES;
				SDKROOT = iphoneos;
				SWIFT_ACTIVE_COMPILATION_CONDITIONS = DEBUG;
				SWIFT_OPTIMIZATION_LEVEL = "-Onone";
			};
			name = Debug;
		};
		88EDFB7127A6F72D00111094 /* Release */ = {
			isa = XCBuildConfiguration;
			buildSettings = {
				ALWAYS_SEARCH_USER_PATHS = NO;
				CLANG_ANALYZER_LOCALIZABILITY_NONLOCALIZED = YES;
				CLANG_ANALYZER_NONNULL = YES;
				CLANG_ANALYZER_NUMBER_OBJECT_CONVERSION = YES_AGGRESSIVE;
				CLANG_CXX_LANGUAGE_STANDARD = "gnu++17";
				CLANG_CXX_LIBRARY = "libc++";
				CLANG_ENABLE_MODULES = YES;
				CLANG_ENABLE_OBJC_ARC = YES;
				CLANG_ENABLE_OBJC_WEAK = YES;
				CLANG_WARN_BLOCK_CAPTURE_AUTORELEASING = YES;
				CLANG_WARN_BOOL_CONVERSION = YES;
				CLANG_WARN_COMMA = YES;
				CLANG_WARN_CONSTANT_CONVERSION = YES;
				CLANG_WARN_DEPRECATED_OBJC_IMPLEMENTATIONS = YES;
				CLANG_WARN_DIRECT_OBJC_ISA_USAGE = YES_ERROR;
				CLANG_WARN_DOCUMENTATION_COMMENTS = YES;
				CLANG_WARN_EMPTY_BODY = YES;
				CLANG_WARN_ENUM_CONVERSION = YES;
				CLANG_WARN_INFINITE_RECURSION = YES;
				CLANG_WARN_INT_CONVERSION = YES;
				CLANG_WARN_NON_LITERAL_NULL_CONVERSION = YES;
				CLANG_WARN_OBJC_IMPLICIT_RETAIN_SELF = YES;
				CLANG_WARN_OBJC_LITERAL_CONVERSION = YES;
				CLANG_WARN_OBJC_ROOT_CLASS = YES_ERROR;
				CLANG_WARN_QUOTED_INCLUDE_IN_FRAMEWORK_HEADER = YES;
				CLANG_WARN_RANGE_LOOP_ANALYSIS = YES;
				CLANG_WARN_STRICT_PROTOTYPES = YES;
				CLANG_WARN_SUSPICIOUS_MOVE = YES;
				CLANG_WARN_UNGUARDED_AVAILABILITY = YES_AGGRESSIVE;
				CLANG_WARN_UNREACHABLE_CODE = YES;
				CLANG_WARN__DUPLICATE_METHOD_MATCH = YES;
				COPY_PHASE_STRIP = NO;
				DEBUG_INFORMATION_FORMAT = "dwarf-with-dsym";
				ENABLE_NS_ASSERTIONS = NO;
				ENABLE_STRICT_OBJC_MSGSEND = YES;
				GCC_C_LANGUAGE_STANDARD = gnu11;
				GCC_NO_COMMON_BLOCKS = YES;
				GCC_WARN_64_TO_32_BIT_CONVERSION = YES;
				GCC_WARN_ABOUT_RETURN_TYPE = YES_ERROR;
				GCC_WARN_UNDECLARED_SELECTOR = YES;
				GCC_WARN_UNINITIALIZED_AUTOS = YES_AGGRESSIVE;
				GCC_WARN_UNUSED_FUNCTION = YES;
				GCC_WARN_UNUSED_VARIABLE = YES;
				IPHONEOS_DEPLOYMENT_TARGET = 15.2;
				MTL_ENABLE_DEBUG_INFO = NO;
				MTL_FAST_MATH = YES;
				SDKROOT = iphoneos;
				SWIFT_COMPILATION_MODE = wholemodule;
				SWIFT_OPTIMIZATION_LEVEL = "-O";
				VALIDATE_PRODUCT = YES;
			};
			name = Release;
		};
		88EDFB7327A6F72D00111094 /* Debug */ = {
			isa = XCBuildConfiguration;
			buildSettings = {
				ASSETCATALOG_COMPILER_APPICON_NAME = AppIcon;
				ASSETCATALOG_COMPILER_GLOBAL_ACCENT_COLOR_NAME = AccentColor;
				CODE_SIGN_STYLE = Automatic;
				CURRENT_PROJECT_VERSION = 1;
				DEVELOPMENT_TEAM = Q74CNJ55XZ;
				GENERATE_INFOPLIST_FILE = YES;
				INFOPLIST_FILE = Yagom_Weather/Info.plist;
				INFOPLIST_KEY_UIApplicationSupportsIndirectInputEvents = YES;
				INFOPLIST_KEY_UILaunchStoryboardName = LaunchScreen;
				INFOPLIST_KEY_UIMainStoryboardFile = Main;
				INFOPLIST_KEY_UISupportedInterfaceOrientations = "";
				INFOPLIST_KEY_UISupportedInterfaceOrientations_iPad = "UIInterfaceOrientationPortrait UIInterfaceOrientationPortraitUpsideDown UIInterfaceOrientationLandscapeLeft UIInterfaceOrientationLandscapeRight";
				INFOPLIST_KEY_UISupportedInterfaceOrientations_iPhone = "UIInterfaceOrientationPortrait UIInterfaceOrientationLandscapeLeft UIInterfaceOrientationLandscapeRight";
				LD_RUNPATH_SEARCH_PATHS = (
					"$(inherited)",
					"@executable_path/Frameworks",
				);
				MARKETING_VERSION = 1.0;
				PRODUCT_BUNDLE_IDENTIFIER = "com.skydevilK.Yagom-Weather";
				PRODUCT_NAME = "$(TARGET_NAME)";
				SWIFT_EMIT_LOC_STRINGS = YES;
				SWIFT_VERSION = 5.0;
				TARGETED_DEVICE_FAMILY = "1,2";
			};
			name = Debug;
		};
		88EDFB7427A6F72D00111094 /* Release */ = {
			isa = XCBuildConfiguration;
			buildSettings = {
				ASSETCATALOG_COMPILER_APPICON_NAME = AppIcon;
				ASSETCATALOG_COMPILER_GLOBAL_ACCENT_COLOR_NAME = AccentColor;
				CODE_SIGN_STYLE = Automatic;
				CURRENT_PROJECT_VERSION = 1;
				DEVELOPMENT_TEAM = Q74CNJ55XZ;
				GENERATE_INFOPLIST_FILE = YES;
				INFOPLIST_FILE = Yagom_Weather/Info.plist;
				INFOPLIST_KEY_UIApplicationSupportsIndirectInputEvents = YES;
				INFOPLIST_KEY_UILaunchStoryboardName = LaunchScreen;
				INFOPLIST_KEY_UIMainStoryboardFile = Main;
				INFOPLIST_KEY_UISupportedInterfaceOrientations = "";
				INFOPLIST_KEY_UISupportedInterfaceOrientations_iPad = "UIInterfaceOrientationPortrait UIInterfaceOrientationPortraitUpsideDown UIInterfaceOrientationLandscapeLeft UIInterfaceOrientationLandscapeRight";
				INFOPLIST_KEY_UISupportedInterfaceOrientations_iPhone = "UIInterfaceOrientationPortrait UIInterfaceOrientationLandscapeLeft UIInterfaceOrientationLandscapeRight";
				LD_RUNPATH_SEARCH_PATHS = (
					"$(inherited)",
					"@executable_path/Frameworks",
				);
				MARKETING_VERSION = 1.0;
				PRODUCT_BUNDLE_IDENTIFIER = "com.skydevilK.Yagom-Weather";
				PRODUCT_NAME = "$(TARGET_NAME)";
				SWIFT_EMIT_LOC_STRINGS = YES;
				SWIFT_VERSION = 5.0;
				TARGETED_DEVICE_FAMILY = "1,2";
			};
			name = Release;
		};
/* End XCBuildConfiguration section */

/* Begin XCConfigurationList section */
		88EDFB5927A6F72C00111094 /* Build configuration list for PBXProject "Yagom_Weather" */ = {
			isa = XCConfigurationList;
			buildConfigurations = (
				88EDFB7027A6F72D00111094 /* Debug */,
				88EDFB7127A6F72D00111094 /* Release */,
			);
			defaultConfigurationIsVisible = 0;
			defaultConfigurationName = Release;
		};
		88EDFB7227A6F72D00111094 /* Build configuration list for PBXNativeTarget "Yagom_Weather" */ = {
			isa = XCConfigurationList;
			buildConfigurations = (
				88EDFB7327A6F72D00111094 /* Debug */,
				88EDFB7427A6F72D00111094 /* Release */,
			);
			defaultConfigurationIsVisible = 0;
			defaultConfigurationName = Release;
		};
/* End XCConfigurationList section */
	};
	rootObject = 88EDFB5627A6F72C00111094 /* Project object */;
}
